// !$*UTF8*$!
{
	archiveVersion = 1;
	classes = {
	};
	objectVersion = 46;
	objects = {

/* Begin PBXBuildFile section */
		1E061B1318E0CB7600A2F8B3 /* MTATableViewController.m in Sources */ = {isa = PBXBuildFile; fileRef = 1E061B1218E0CB7600A2F8B3 /* MTATableViewController.m */; };
		1E061B1618E0D2AD00A2F8B3 /* OCTATableViewController.m in Sources */ = {isa = PBXBuildFile; fileRef = 1E061B1518E0D2AD00A2F8B3 /* OCTATableViewController.m */; };
		1E33286218F205C7003D5CF8 /* MapViewController.m in Sources */ = {isa = PBXBuildFile; fileRef = 1E33286118F205C7003D5CF8 /* MapViewController.m */; };
		1E33286618F207B9003D5CF8 /* MTAMapViewController.m in Sources */ = {isa = PBXBuildFile; fileRef = 1E33286518F207B9003D5CF8 /* MTAMapViewController.m */; };
		1E33286918F207C5003D5CF8 /* OCTAMapViewController.m in Sources */ = {isa = PBXBuildFile; fileRef = 1E33286818F207C5003D5CF8 /* OCTAMapViewController.m */; };
		1E33286D18F24E1B003D5CF8 /* MTAStopsTableViewController.m in Sources */ = {isa = PBXBuildFile; fileRef = 1E33286C18F24E1B003D5CF8 /* MTAStopsTableViewController.m */; };
		1E33287018F2684A003D5CF8 /* Trip.m in Sources */ = {isa = PBXBuildFile; fileRef = 1E33286F18F2684A003D5CF8 /* Trip.m */; };
		1E33287318F26F0D003D5CF8 /* StopTime.m in Sources */ = {isa = PBXBuildFile; fileRef = 1E33287218F26F0D003D5CF8 /* StopTime.m */; };
		1E39F3AA18F3287200A3608A /* Schedule.m in Sources */ = {isa = PBXBuildFile; fileRef = 1E39F3A918F3287200A3608A /* Schedule.m */; };
		1E39F3AD18F3439700A3608A /* RouteDetailViewController.m in Sources */ = {isa = PBXBuildFile; fileRef = 1E39F3AC18F3439700A3608A /* RouteDetailViewController.m */; };
		1E7C235018E0ADA20064CACD /* MTA.pdf in Resources */ = {isa = PBXBuildFile; fileRef = 1E7C234C18E0ADA20064CACD /* MTA.pdf */; };
		1E7C235118E0ADA20064CACD /* MTA.sl3 in Resources */ = {isa = PBXBuildFile; fileRef = 1E7C234D18E0ADA20064CACD /* MTA.sl3 */; };
		1E7C235218E0ADA20064CACD /* OCTA.pdf in Resources */ = {isa = PBXBuildFile; fileRef = 1E7C234E18E0ADA20064CACD /* OCTA.pdf */; };
		1E7C235318E0ADA20064CACD /* OCTA.sl3 in Resources */ = {isa = PBXBuildFile; fileRef = 1E7C234F18E0ADA20064CACD /* OCTA.sl3 */; };
		1EAE359B18E94772009140EC /* MapKit.framework in Frameworks */ = {isa = PBXBuildFile; fileRef = 1EAE359A18E94772009140EC /* MapKit.framework */; };
		1EAE359D18E95F35009140EC /* QuartzCore.framework in Frameworks */ = {isa = PBXBuildFile; fileRef = 1EAE359C18E95F35009140EC /* QuartzCore.framework */; };
		1EAE35A018E95F68009140EC /* PDFScrollView.m in Sources */ = {isa = PBXBuildFile; fileRef = 1EAE359F18E95F68009140EC /* PDFScrollView.m */; };
		1EAE35A418E95FD5009140EC /* TiledPDFView.m in Sources */ = {isa = PBXBuildFile; fileRef = 1EAE35A318E95FD5009140EC /* TiledPDFView.m */; };
		1EDA225718DBC7D2006A8738 /* Foundation.framework in Frameworks */ = {isa = PBXBuildFile; fileRef = 1EDA225618DBC7D2006A8738 /* Foundation.framework */; };
		1EDA225918DBC7D2006A8738 /* CoreGraphics.framework in Frameworks */ = {isa = PBXBuildFile; fileRef = 1EDA225818DBC7D2006A8738 /* CoreGraphics.framework */; };
		1EDA225B18DBC7D2006A8738 /* UIKit.framework in Frameworks */ = {isa = PBXBuildFile; fileRef = 1EDA225A18DBC7D2006A8738 /* UIKit.framework */; };
		1EDA226118DBC7D2006A8738 /* InfoPlist.strings in Resources */ = {isa = PBXBuildFile; fileRef = 1EDA225F18DBC7D2006A8738 /* InfoPlist.strings */; };
		1EDA226318DBC7D2006A8738 /* main.m in Sources */ = {isa = PBXBuildFile; fileRef = 1EDA226218DBC7D2006A8738 /* main.m */; };
		1EDA226718DBC7D2006A8738 /* MassTransitAppDelegate.m in Sources */ = {isa = PBXBuildFile; fileRef = 1EDA226618DBC7D2006A8738 /* MassTransitAppDelegate.m */; };
		1EDA226A18DBC7D2006A8738 /* Main_iPhone.storyboard in Resources */ = {isa = PBXBuildFile; fileRef = 1EDA226818DBC7D2006A8738 /* Main_iPhone.storyboard */; };
		1EDA226D18DBC7D2006A8738 /* Main_iPad.storyboard in Resources */ = {isa = PBXBuildFile; fileRef = 1EDA226B18DBC7D2006A8738 /* Main_iPad.storyboard */; };
		1EDA227518DBC7D2006A8738 /* Images.xcassets in Resources */ = {isa = PBXBuildFile; fileRef = 1EDA227418DBC7D2006A8738 /* Images.xcassets */; };
		1EDA227C18DBC7D2006A8738 /* XCTest.framework in Frameworks */ = {isa = PBXBuildFile; fileRef = 1EDA227B18DBC7D2006A8738 /* XCTest.framework */; };
		1EDA227D18DBC7D2006A8738 /* Foundation.framework in Frameworks */ = {isa = PBXBuildFile; fileRef = 1EDA225618DBC7D2006A8738 /* Foundation.framework */; };
		1EDA227E18DBC7D2006A8738 /* UIKit.framework in Frameworks */ = {isa = PBXBuildFile; fileRef = 1EDA225A18DBC7D2006A8738 /* UIKit.framework */; };
		1EDA228618DBC7D2006A8738 /* InfoPlist.strings in Resources */ = {isa = PBXBuildFile; fileRef = 1EDA228418DBC7D2006A8738 /* InfoPlist.strings */; };
		1EDA228818DBC7D2006A8738 /* MassTransitTests.m in Sources */ = {isa = PBXBuildFile; fileRef = 1EDA228718DBC7D2006A8738 /* MassTransitTests.m */; };
		1EEAAF9018E0D395003D7C51 /* MTA.m in Sources */ = {isa = PBXBuildFile; fileRef = 1EEAAF8F18E0D395003D7C51 /* MTA.m */; };
		1EEAAF9318E0D3A2003D7C51 /* OCTA.m in Sources */ = {isa = PBXBuildFile; fileRef = 1EEAAF9218E0D3A2003D7C51 /* OCTA.m */; };
		1EEAAF9618E0D3AD003D7C51 /* Database.m in Sources */ = {isa = PBXBuildFile; fileRef = 1EEAAF9518E0D3AD003D7C51 /* Database.m */; };
		1EEAAF9918E13939003D7C51 /* Route.m in Sources */ = {isa = PBXBuildFile; fileRef = 1EEAAF9818E13939003D7C51 /* Route.m */; };
		7B641C88FDBE403891776845 /* libPods.a in Frameworks */ = {isa = PBXBuildFile; fileRef = 2ADD4EB93C334AEDAA42DB1C /* libPods.a */; };
/* End PBXBuildFile section */

/* Begin PBXContainerItemProxy section */
		1EDA227F18DBC7D2006A8738 /* PBXContainerItemProxy */ = {
			isa = PBXContainerItemProxy;
			containerPortal = 1EDA224B18DBC7D2006A8738 /* Project object */;
			proxyType = 1;
			remoteGlobalIDString = 1EDA225218DBC7D2006A8738;
			remoteInfo = MassTransit;
		};
/* End PBXContainerItemProxy section */

/* Begin PBXFileReference section */
		1E061B1118E0CB7600A2F8B3 /* MTATableViewController.h */ = {isa = PBXFileReference; fileEncoding = 4; lastKnownFileType = sourcecode.c.h; path = MTATableViewController.h; sourceTree = "<group>"; };
		1E061B1218E0CB7600A2F8B3 /* MTATableViewController.m */ = {isa = PBXFileReference; fileEncoding = 4; lastKnownFileType = sourcecode.c.objc; path = MTATableViewController.m; sourceTree = "<group>"; };
		1E061B1418E0D2AD00A2F8B3 /* OCTATableViewController.h */ = {isa = PBXFileReference; fileEncoding = 4; lastKnownFileType = sourcecode.c.h; path = OCTATableViewController.h; sourceTree = "<group>"; };
		1E061B1518E0D2AD00A2F8B3 /* OCTATableViewController.m */ = {isa = PBXFileReference; fileEncoding = 4; lastKnownFileType = sourcecode.c.objc; path = OCTATableViewController.m; sourceTree = "<group>"; };
		1E33286018F205C7003D5CF8 /* MapViewController.h */ = {isa = PBXFileReference; fileEncoding = 4; lastKnownFileType = sourcecode.c.h; path = MapViewController.h; sourceTree = "<group>"; };
		1E33286118F205C7003D5CF8 /* MapViewController.m */ = {isa = PBXFileReference; fileEncoding = 4; lastKnownFileType = sourcecode.c.objc; path = MapViewController.m; sourceTree = "<group>"; };
		1E33286418F207B8003D5CF8 /* MTAMapViewController.h */ = {isa = PBXFileReference; fileEncoding = 4; lastKnownFileType = sourcecode.c.h; path = MTAMapViewController.h; sourceTree = "<group>"; };
		1E33286518F207B9003D5CF8 /* MTAMapViewController.m */ = {isa = PBXFileReference; fileEncoding = 4; lastKnownFileType = sourcecode.c.objc; path = MTAMapViewController.m; sourceTree = "<group>"; };
		1E33286718F207C5003D5CF8 /* OCTAMapViewController.h */ = {isa = PBXFileReference; fileEncoding = 4; lastKnownFileType = sourcecode.c.h; path = OCTAMapViewController.h; sourceTree = "<group>"; };
		1E33286818F207C5003D5CF8 /* OCTAMapViewController.m */ = {isa = PBXFileReference; fileEncoding = 4; lastKnownFileType = sourcecode.c.objc; path = OCTAMapViewController.m; sourceTree = "<group>"; };
		1E33286B18F24E1B003D5CF8 /* MTAStopsTableViewController.h */ = {isa = PBXFileReference; fileEncoding = 4; lastKnownFileType = sourcecode.c.h; path = MTAStopsTableViewController.h; sourceTree = "<group>"; };
		1E33286C18F24E1B003D5CF8 /* MTAStopsTableViewController.m */ = {isa = PBXFileReference; fileEncoding = 4; lastKnownFileType = sourcecode.c.objc; path = MTAStopsTableViewController.m; sourceTree = "<group>"; };
		1E33286E18F2684A003D5CF8 /* Trip.h */ = {isa = PBXFileReference; fileEncoding = 4; lastKnownFileType = sourcecode.c.h; path = Trip.h; sourceTree = "<group>"; };
		1E33286F18F2684A003D5CF8 /* Trip.m */ = {isa = PBXFileReference; fileEncoding = 4; lastKnownFileType = sourcecode.c.objc; path = Trip.m; sourceTree = "<group>"; };
		1E33287118F26F0D003D5CF8 /* StopTime.h */ = {isa = PBXFileReference; fileEncoding = 4; lastKnownFileType = sourcecode.c.h; path = StopTime.h; sourceTree = "<group>"; };
		1E33287218F26F0D003D5CF8 /* StopTime.m */ = {isa = PBXFileReference; fileEncoding = 4; lastKnownFileType = sourcecode.c.objc; path = StopTime.m; sourceTree = "<group>"; };
		1E39F3A818F3287200A3608A /* Schedule.h */ = {isa = PBXFileReference; fileEncoding = 4; lastKnownFileType = sourcecode.c.h; path = Schedule.h; sourceTree = "<group>"; };
		1E39F3A918F3287200A3608A /* Schedule.m */ = {isa = PBXFileReference; fileEncoding = 4; lastKnownFileType = sourcecode.c.objc; path = Schedule.m; sourceTree = "<group>"; };
		1E39F3AB18F3439700A3608A /* RouteDetailViewController.h */ = {isa = PBXFileReference; fileEncoding = 4; lastKnownFileType = sourcecode.c.h; path = RouteDetailViewController.h; sourceTree = "<group>"; };
		1E39F3AC18F3439700A3608A /* RouteDetailViewController.m */ = {isa = PBXFileReference; fileEncoding = 4; lastKnownFileType = sourcecode.c.objc; path = RouteDetailViewController.m; sourceTree = "<group>"; };
		1E7C234A18E0A9B40064CACD /* libsqlite3.dylib */ = {isa = PBXFileReference; lastKnownFileType = "compiled.mach-o.dylib"; name = libsqlite3.dylib; path = usr/lib/libsqlite3.dylib; sourceTree = SDKROOT; };
		1E7C234C18E0ADA20064CACD /* MTA.pdf */ = {isa = PBXFileReference; lastKnownFileType = image.pdf; path = MTA.pdf; sourceTree = "<group>"; };
		1E7C234D18E0ADA20064CACD /* MTA.sl3 */ = {isa = PBXFileReference; lastKnownFileType = file; path = MTA.sl3; sourceTree = "<group>"; };
		1E7C234E18E0ADA20064CACD /* OCTA.pdf */ = {isa = PBXFileReference; lastKnownFileType = image.pdf; path = OCTA.pdf; sourceTree = "<group>"; };
		1E7C234F18E0ADA20064CACD /* OCTA.sl3 */ = {isa = PBXFileReference; lastKnownFileType = file; path = OCTA.sl3; sourceTree = "<group>"; };
		1E83041E18E88E2E0047A5BE /* CoreData.framework */ = {isa = PBXFileReference; lastKnownFileType = wrapper.framework; name = CoreData.framework; path = System/Library/Frameworks/CoreData.framework; sourceTree = SDKROOT; };
		1EAE359A18E94772009140EC /* MapKit.framework */ = {isa = PBXFileReference; lastKnownFileType = wrapper.framework; name = MapKit.framework; path = System/Library/Frameworks/MapKit.framework; sourceTree = SDKROOT; };
		1EAE359C18E95F35009140EC /* QuartzCore.framework */ = {isa = PBXFileReference; lastKnownFileType = wrapper.framework; name = QuartzCore.framework; path = System/Library/Frameworks/QuartzCore.framework; sourceTree = SDKROOT; };
		1EAE359E18E95F68009140EC /* PDFScrollView.h */ = {isa = PBXFileReference; fileEncoding = 4; lastKnownFileType = sourcecode.c.h; name = PDFScrollView.h; path = MassTransit/PDFScrollView.h; sourceTree = "<group>"; };
		1EAE359F18E95F68009140EC /* PDFScrollView.m */ = {isa = PBXFileReference; fileEncoding = 4; lastKnownFileType = sourcecode.c.objc; name = PDFScrollView.m; path = MassTransit/PDFScrollView.m; sourceTree = "<group>"; };
		1EAE35A218E95FD5009140EC /* TiledPDFView.h */ = {isa = PBXFileReference; fileEncoding = 4; lastKnownFileType = sourcecode.c.h; path = TiledPDFView.h; sourceTree = "<group>"; };
		1EAE35A318E95FD5009140EC /* TiledPDFView.m */ = {isa = PBXFileReference; fileEncoding = 4; lastKnownFileType = sourcecode.c.objc; path = TiledPDFView.m; sourceTree = "<group>"; };
		1EDA225318DBC7D2006A8738 /* MassTransit.app */ = {isa = PBXFileReference; explicitFileType = wrapper.application; includeInIndex = 0; path = MassTransit.app; sourceTree = BUILT_PRODUCTS_DIR; };
		1EDA225618DBC7D2006A8738 /* Foundation.framework */ = {isa = PBXFileReference; lastKnownFileType = wrapper.framework; name = Foundation.framework; path = System/Library/Frameworks/Foundation.framework; sourceTree = SDKROOT; };
		1EDA225818DBC7D2006A8738 /* CoreGraphics.framework */ = {isa = PBXFileReference; lastKnownFileType = wrapper.framework; name = CoreGraphics.framework; path = System/Library/Frameworks/CoreGraphics.framework; sourceTree = SDKROOT; };
		1EDA225A18DBC7D2006A8738 /* UIKit.framework */ = {isa = PBXFileReference; lastKnownFileType = wrapper.framework; name = UIKit.framework; path = System/Library/Frameworks/UIKit.framework; sourceTree = SDKROOT; };
		1EDA225E18DBC7D2006A8738 /* MassTransit-Info.plist */ = {isa = PBXFileReference; lastKnownFileType = text.plist.xml; path = "MassTransit-Info.plist"; sourceTree = "<group>"; };
		1EDA226018DBC7D2006A8738 /* en */ = {isa = PBXFileReference; lastKnownFileType = text.plist.strings; name = en; path = en.lproj/InfoPlist.strings; sourceTree = "<group>"; };
		1EDA226218DBC7D2006A8738 /* main.m */ = {isa = PBXFileReference; lastKnownFileType = sourcecode.c.objc; path = main.m; sourceTree = "<group>"; };
		1EDA226418DBC7D2006A8738 /* MassTransit-Prefix.pch */ = {isa = PBXFileReference; lastKnownFileType = sourcecode.c.h; path = "MassTransit-Prefix.pch"; sourceTree = "<group>"; };
		1EDA226518DBC7D2006A8738 /* MassTransitAppDelegate.h */ = {isa = PBXFileReference; lastKnownFileType = sourcecode.c.h; path = MassTransitAppDelegate.h; sourceTree = "<group>"; };
		1EDA226618DBC7D2006A8738 /* MassTransitAppDelegate.m */ = {isa = PBXFileReference; lastKnownFileType = sourcecode.c.objc; path = MassTransitAppDelegate.m; sourceTree = "<group>"; };
		1EDA226918DBC7D2006A8738 /* Base */ = {isa = PBXFileReference; lastKnownFileType = file.storyboard; name = Base; path = Base.lproj/Main_iPhone.storyboard; sourceTree = "<group>"; };
		1EDA226C18DBC7D2006A8738 /* Base */ = {isa = PBXFileReference; lastKnownFileType = file.storyboard; name = Base; path = Base.lproj/Main_iPad.storyboard; sourceTree = "<group>"; };
		1EDA227418DBC7D2006A8738 /* Images.xcassets */ = {isa = PBXFileReference; lastKnownFileType = folder.assetcatalog; path = Images.xcassets; sourceTree = "<group>"; };
		1EDA227A18DBC7D2006A8738 /* MassTransitTests.xctest */ = {isa = PBXFileReference; explicitFileType = wrapper.cfbundle; includeInIndex = 0; path = MassTransitTests.xctest; sourceTree = BUILT_PRODUCTS_DIR; };
		1EDA227B18DBC7D2006A8738 /* XCTest.framework */ = {isa = PBXFileReference; lastKnownFileType = wrapper.framework; name = XCTest.framework; path = Library/Frameworks/XCTest.framework; sourceTree = DEVELOPER_DIR; };
		1EDA228318DBC7D2006A8738 /* MassTransitTests-Info.plist */ = {isa = PBXFileReference; lastKnownFileType = text.plist.xml; path = "MassTransitTests-Info.plist"; sourceTree = "<group>"; };
		1EDA228518DBC7D2006A8738 /* en */ = {isa = PBXFileReference; lastKnownFileType = text.plist.strings; name = en; path = en.lproj/InfoPlist.strings; sourceTree = "<group>"; };
		1EDA228718DBC7D2006A8738 /* MassTransitTests.m */ = {isa = PBXFileReference; lastKnownFileType = sourcecode.c.objc; path = MassTransitTests.m; sourceTree = "<group>"; };
		1EEAAF8E18E0D395003D7C51 /* MTA.h */ = {isa = PBXFileReference; fileEncoding = 4; lastKnownFileType = sourcecode.c.h; path = MTA.h; sourceTree = "<group>"; };
		1EEAAF8F18E0D395003D7C51 /* MTA.m */ = {isa = PBXFileReference; fileEncoding = 4; lastKnownFileType = sourcecode.c.objc; path = MTA.m; sourceTree = "<group>"; };
		1EEAAF9118E0D3A2003D7C51 /* OCTA.h */ = {isa = PBXFileReference; fileEncoding = 4; lastKnownFileType = sourcecode.c.h; path = OCTA.h; sourceTree = "<group>"; };
		1EEAAF9218E0D3A2003D7C51 /* OCTA.m */ = {isa = PBXFileReference; fileEncoding = 4; lastKnownFileType = sourcecode.c.objc; path = OCTA.m; sourceTree = "<group>"; };
		1EEAAF9418E0D3AD003D7C51 /* Database.h */ = {isa = PBXFileReference; fileEncoding = 4; lastKnownFileType = sourcecode.c.h; path = Database.h; sourceTree = "<group>"; };
		1EEAAF9518E0D3AD003D7C51 /* Database.m */ = {isa = PBXFileReference; fileEncoding = 4; lastKnownFileType = sourcecode.c.objc; path = Database.m; sourceTree = "<group>"; };
		1EEAAF9718E13939003D7C51 /* Route.h */ = {isa = PBXFileReference; fileEncoding = 4; lastKnownFileType = sourcecode.c.h; path = Route.h; sourceTree = "<group>"; };
		1EEAAF9818E13939003D7C51 /* Route.m */ = {isa = PBXFileReference; fileEncoding = 4; lastKnownFileType = sourcecode.c.objc; path = Route.m; sourceTree = "<group>"; };
		2ADD4EB93C334AEDAA42DB1C /* libPods.a */ = {isa = PBXFileReference; explicitFileType = archive.ar; includeInIndex = 0; path = libPods.a; sourceTree = BUILT_PRODUCTS_DIR; };
		3269B54374C7496986E7B8AD /* Pods.xcconfig */ = {isa = PBXFileReference; includeInIndex = 1; lastKnownFileType = text.xcconfig; name = Pods.xcconfig; path = Pods/Pods.xcconfig; sourceTree = "<group>"; };
/* End PBXFileReference section */

/* Begin PBXFrameworksBuildPhase section */
		1EDA225018DBC7D2006A8738 /* Frameworks */ = {
			isa = PBXFrameworksBuildPhase;
			buildActionMask = 2147483647;
			files = (
				1EAE359D18E95F35009140EC /* QuartzCore.framework in Frameworks */,
				1EAE359B18E94772009140EC /* MapKit.framework in Frameworks */,
				1EDA225918DBC7D2006A8738 /* CoreGraphics.framework in Frameworks */,
				1EDA225B18DBC7D2006A8738 /* UIKit.framework in Frameworks */,
				1EDA225718DBC7D2006A8738 /* Foundation.framework in Frameworks */,
				7B641C88FDBE403891776845 /* libPods.a in Frameworks */,
			);
			runOnlyForDeploymentPostprocessing = 0;
		};
		1EDA227718DBC7D2006A8738 /* Frameworks */ = {
			isa = PBXFrameworksBuildPhase;
			buildActionMask = 2147483647;
			files = (
				1EDA227C18DBC7D2006A8738 /* XCTest.framework in Frameworks */,
				1EDA227E18DBC7D2006A8738 /* UIKit.framework in Frameworks */,
				1EDA227D18DBC7D2006A8738 /* Foundation.framework in Frameworks */,
			);
			runOnlyForDeploymentPostprocessing = 0;
		};
/* End PBXFrameworksBuildPhase section */

/* Begin PBXGroup section */
		1E33286318F206EF003D5CF8 /* View Controllers */ = {
			isa = PBXGroup;
			children = (
				1E39F3B018F343FB00A3608A /* PDF */,
				1E39F3AE18F343EA00A3608A /* Transit */,
			);
			name = "View Controllers";
			sourceTree = "<group>";
		};
		1E33286A18F23509003D5CF8 /* Models */ = {
			isa = PBXGroup;
			children = (
				1E39F3A818F3287200A3608A /* Schedule.h */,
				1E39F3A918F3287200A3608A /* Schedule.m */,
				1E33286E18F2684A003D5CF8 /* Trip.h */,
				1E33286F18F2684A003D5CF8 /* Trip.m */,
				1EEAAF9718E13939003D7C51 /* Route.h */,
				1EEAAF9818E13939003D7C51 /* Route.m */,
				1E33287118F26F0D003D5CF8 /* StopTime.h */,
				1E33287218F26F0D003D5CF8 /* StopTime.m */,
			);
			name = Models;
			sourceTree = "<group>";
		};
		1E39F3AE18F343EA00A3608A /* Transit */ = {
			isa = PBXGroup;
			children = (
				1E39F3AB18F3439700A3608A /* RouteDetailViewController.h */,
				1E39F3AC18F3439700A3608A /* RouteDetailViewController.m */,
				1E061B1118E0CB7600A2F8B3 /* MTATableViewController.h */,
				1E061B1218E0CB7600A2F8B3 /* MTATableViewController.m */,
				1E33286B18F24E1B003D5CF8 /* MTAStopsTableViewController.h */,
				1E33286C18F24E1B003D5CF8 /* MTAStopsTableViewController.m */,
				1E061B1418E0D2AD00A2F8B3 /* OCTATableViewController.h */,
				1E061B1518E0D2AD00A2F8B3 /* OCTATableViewController.m */,
			);
			name = Transit;
			sourceTree = "<group>";
		};
		1E39F3B018F343FB00A3608A /* PDF */ = {
			isa = PBXGroup;
			children = (
				1E33286018F205C7003D5CF8 /* MapViewController.h */,
				1E33286118F205C7003D5CF8 /* MapViewController.m */,
				1E33286418F207B8003D5CF8 /* MTAMapViewController.h */,
				1E33286518F207B9003D5CF8 /* MTAMapViewController.m */,
				1E33286718F207C5003D5CF8 /* OCTAMapViewController.h */,
				1E33286818F207C5003D5CF8 /* OCTAMapViewController.m */,
			);
			name = PDF;
			sourceTree = "<group>";
		};
		1EAE35A118E95FBB009140EC /* Third Party */ = {
			isa = PBXGroup;
			children = (
				1EAE359E18E95F68009140EC /* PDFScrollView.h */,
				1EAE359F18E95F68009140EC /* PDFScrollView.m */,
				1EAE35A218E95FD5009140EC /* TiledPDFView.h */,
				1EAE35A318E95FD5009140EC /* TiledPDFView.m */,
			);
			name = "Third Party";
			path = ..;
			sourceTree = "<group>";
		};
		1EDA224A18DBC7D2006A8738 = {
			isa = PBXGroup;
			children = (
				1EDA225C18DBC7D2006A8738 /* MassTransit */,
				1EDA228118DBC7D2006A8738 /* MassTransitTests */,
				1EDA225518DBC7D2006A8738 /* Frameworks */,
				1EDA225418DBC7D2006A8738 /* Products */,
				3269B54374C7496986E7B8AD /* Pods.xcconfig */,
			);
			sourceTree = "<group>";
		};
		1EDA225418DBC7D2006A8738 /* Products */ = {
			isa = PBXGroup;
			children = (
				1EDA225318DBC7D2006A8738 /* MassTransit.app */,
				1EDA227A18DBC7D2006A8738 /* MassTransitTests.xctest */,
			);
			name = Products;
			sourceTree = "<group>";
		};
		1EDA225518DBC7D2006A8738 /* Frameworks */ = {
			isa = PBXGroup;
			children = (
				1EAE359C18E95F35009140EC /* QuartzCore.framework */,
				1EAE359A18E94772009140EC /* MapKit.framework */,
				1E83041E18E88E2E0047A5BE /* CoreData.framework */,
				1E7C234A18E0A9B40064CACD /* libsqlite3.dylib */,
				1EDA225618DBC7D2006A8738 /* Foundation.framework */,
				1EDA225818DBC7D2006A8738 /* CoreGraphics.framework */,
				1EDA225A18DBC7D2006A8738 /* UIKit.framework */,
				1EDA227B18DBC7D2006A8738 /* XCTest.framework */,
				2ADD4EB93C334AEDAA42DB1C /* libPods.a */,
			);
			name = Frameworks;
			sourceTree = "<group>";
		};
		1EDA225C18DBC7D2006A8738 /* MassTransit */ = {
			isa = PBXGroup;
			children = (
				1E33286318F206EF003D5CF8 /* View Controllers */,
				1EAE35A118E95FBB009140EC /* Third Party */,
				1EDA226518DBC7D2006A8738 /* MassTransitAppDelegate.h */,
				1EDA226618DBC7D2006A8738 /* MassTransitAppDelegate.m */,
				1EDA226818DBC7D2006A8738 /* Main_iPhone.storyboard */,
				1EEAAF8E18E0D395003D7C51 /* MTA.h */,
				1EEAAF8F18E0D395003D7C51 /* MTA.m */,
				1EEAAF9118E0D3A2003D7C51 /* OCTA.h */,
				1EEAAF9218E0D3A2003D7C51 /* OCTA.m */,
				1EEAAF9418E0D3AD003D7C51 /* Database.h */,
				1EEAAF9518E0D3AD003D7C51 /* Database.m */,
				1E33286A18F23509003D5CF8 /* Models */,
				1EDA226B18DBC7D2006A8738 /* Main_iPad.storyboard */,
				1EDA227418DBC7D2006A8738 /* Images.xcassets */,
				1EDA225D18DBC7D2006A8738 /* Supporting Files */,
			);
			path = MassTransit;
			sourceTree = "<group>";
		};
		1EDA225D18DBC7D2006A8738 /* Supporting Files */ = {
			isa = PBXGroup;
			children = (
				1E7C234C18E0ADA20064CACD /* MTA.pdf */,
				1E7C234D18E0ADA20064CACD /* MTA.sl3 */,
				1E7C234E18E0ADA20064CACD /* OCTA.pdf */,
				1E7C234F18E0ADA20064CACD /* OCTA.sl3 */,
				1EDA225E18DBC7D2006A8738 /* MassTransit-Info.plist */,
				1EDA225F18DBC7D2006A8738 /* InfoPlist.strings */,
				1EDA226218DBC7D2006A8738 /* main.m */,
				1EDA226418DBC7D2006A8738 /* MassTransit-Prefix.pch */,
			);
			name = "Supporting Files";
			sourceTree = "<group>";
		};
		1EDA228118DBC7D2006A8738 /* MassTransitTests */ = {
			isa = PBXGroup;
			children = (
				1EDA228718DBC7D2006A8738 /* MassTransitTests.m */,
				1EDA228218DBC7D2006A8738 /* Supporting Files */,
			);
			path = MassTransitTests;
			sourceTree = "<group>";
		};
		1EDA228218DBC7D2006A8738 /* Supporting Files */ = {
			isa = PBXGroup;
			children = (
				1EDA228318DBC7D2006A8738 /* MassTransitTests-Info.plist */,
				1EDA228418DBC7D2006A8738 /* InfoPlist.strings */,
			);
			name = "Supporting Files";
			sourceTree = "<group>";
		};
/* End PBXGroup section */

/* Begin PBXNativeTarget section */
		1EDA225218DBC7D2006A8738 /* MassTransit */ = {
			isa = PBXNativeTarget;
			buildConfigurationList = 1EDA228B18DBC7D2006A8738 /* Build configuration list for PBXNativeTarget "MassTransit" */;
			buildPhases = (
				92706A909DE3466B8FFDDE2F /* Check Pods Manifest.lock */,
				1EDA224F18DBC7D2006A8738 /* Sources */,
				1EDA225018DBC7D2006A8738 /* Frameworks */,
				1EDA225118DBC7D2006A8738 /* Resources */,
				0C0578DE24F84FFA908AA177 /* Copy Pods Resources */,
			);
			buildRules = (
			);
			dependencies = (
			);
			name = MassTransit;
			productName = MassTransit;
			productReference = 1EDA225318DBC7D2006A8738 /* MassTransit.app */;
			productType = "com.apple.product-type.application";
		};
		1EDA227918DBC7D2006A8738 /* MassTransitTests */ = {
			isa = PBXNativeTarget;
			buildConfigurationList = 1EDA228E18DBC7D2006A8738 /* Build configuration list for PBXNativeTarget "MassTransitTests" */;
			buildPhases = (
				1EDA227618DBC7D2006A8738 /* Sources */,
				1EDA227718DBC7D2006A8738 /* Frameworks */,
				1EDA227818DBC7D2006A8738 /* Resources */,
			);
			buildRules = (
			);
			dependencies = (
				1EDA228018DBC7D2006A8738 /* PBXTargetDependency */,
			);
			name = MassTransitTests;
			productName = MassTransitTests;
			productReference = 1EDA227A18DBC7D2006A8738 /* MassTransitTests.xctest */;
			productType = "com.apple.product-type.bundle.unit-test";
		};
/* End PBXNativeTarget section */

/* Begin PBXProject section */
		1EDA224B18DBC7D2006A8738 /* Project object */ = {
			isa = PBXProject;
			attributes = {
				CLASSPREFIX = MassTransit;
				LastUpgradeCheck = 0510;
				ORGANIZATIONNAME = "Austin White";
				TargetAttributes = {
					1EDA227918DBC7D2006A8738 = {
						TestTargetID = 1EDA225218DBC7D2006A8738;
					};
				};
			};
			buildConfigurationList = 1EDA224E18DBC7D2006A8738 /* Build configuration list for PBXProject "MassTransit" */;
			compatibilityVersion = "Xcode 3.2";
			developmentRegion = English;
			hasScannedForEncodings = 0;
			knownRegions = (
				en,
				Base,
			);
			mainGroup = 1EDA224A18DBC7D2006A8738;
			productRefGroup = 1EDA225418DBC7D2006A8738 /* Products */;
			projectDirPath = "";
			projectRoot = "";
			targets = (
				1EDA225218DBC7D2006A8738 /* MassTransit */,
				1EDA227918DBC7D2006A8738 /* MassTransitTests */,
			);
		};
/* End PBXProject section */

/* Begin PBXResourcesBuildPhase section */
		1EDA225118DBC7D2006A8738 /* Resources */ = {
			isa = PBXResourcesBuildPhase;
			buildActionMask = 2147483647;
			files = (
				1EDA226D18DBC7D2006A8738 /* Main_iPad.storyboard in Resources */,
				1EDA227518DBC7D2006A8738 /* Images.xcassets in Resources */,
				1E7C235018E0ADA20064CACD /* MTA.pdf in Resources */,
				1E7C235218E0ADA20064CACD /* OCTA.pdf in Resources */,
				1E7C235118E0ADA20064CACD /* MTA.sl3 in Resources */,
				1EDA226A18DBC7D2006A8738 /* Main_iPhone.storyboard in Resources */,
				1EDA226118DBC7D2006A8738 /* InfoPlist.strings in Resources */,
				1E7C235318E0ADA20064CACD /* OCTA.sl3 in Resources */,
			);
			runOnlyForDeploymentPostprocessing = 0;
		};
		1EDA227818DBC7D2006A8738 /* Resources */ = {
			isa = PBXResourcesBuildPhase;
			buildActionMask = 2147483647;
			files = (
				1EDA228618DBC7D2006A8738 /* InfoPlist.strings in Resources */,
			);
			runOnlyForDeploymentPostprocessing = 0;
		};
/* End PBXResourcesBuildPhase section */

/* Begin PBXShellScriptBuildPhase section */
		0C0578DE24F84FFA908AA177 /* Copy Pods Resources */ = {
			isa = PBXShellScriptBuildPhase;
			buildActionMask = 2147483647;
			files = (
			);
			inputPaths = (
			);
			name = "Copy Pods Resources";
			outputPaths = (
			);
			runOnlyForDeploymentPostprocessing = 0;
			shellPath = /bin/sh;
			shellScript = "\"${SRCROOT}/Pods/Pods-resources.sh\"\n";
			showEnvVarsInLog = 0;
		};
		92706A909DE3466B8FFDDE2F /* Check Pods Manifest.lock */ = {
			isa = PBXShellScriptBuildPhase;
			buildActionMask = 2147483647;
			files = (
			);
			inputPaths = (
			);
			name = "Check Pods Manifest.lock";
			outputPaths = (
			);
			runOnlyForDeploymentPostprocessing = 0;
			shellPath = /bin/sh;
			shellScript = "diff \"${PODS_ROOT}/../Podfile.lock\" \"${PODS_ROOT}/Manifest.lock\" > /dev/null\nif [[ $? != 0 ]] ; then\n    cat << EOM\nerror: The sandbox is not in sync with the Podfile.lock. Run 'pod install' or update your CocoaPods installation.\nEOM\n    exit 1\nfi\n";
			showEnvVarsInLog = 0;
		};
/* End PBXShellScriptBuildPhase section */

/* Begin PBXSourcesBuildPhase section */
		1EDA224F18DBC7D2006A8738 /* Sources */ = {
			isa = PBXSourcesBuildPhase;
			buildActionMask = 2147483647;
			files = (
				1EAE35A418E95FD5009140EC /* TiledPDFView.m in Sources */,
				1EAE35A018E95F68009140EC /* PDFScrollView.m in Sources */,
				1E33286D18F24E1B003D5CF8 /* MTAStopsTableViewController.m in Sources */,
				1EEAAF9018E0D395003D7C51 /* MTA.m in Sources */,
				1E33286618F207B9003D5CF8 /* MTAMapViewController.m in Sources */,
				1E39F3AA18F3287200A3608A /* Schedule.m in Sources */,
				1E33287018F2684A003D5CF8 /* Trip.m in Sources */,
				1E33286918F207C5003D5CF8 /* OCTAMapViewController.m in Sources */,
				1EEAAF9918E13939003D7C51 /* Route.m in Sources */,
				1E061B1318E0CB7600A2F8B3 /* MTATableViewController.m in Sources */,
				1EEAAF9618E0D3AD003D7C51 /* Database.m in Sources */,
				1E33287318F26F0D003D5CF8 /* StopTime.m in Sources */,
				1E33286218F205C7003D5CF8 /* MapViewController.m in Sources */,
				1EDA226718DBC7D2006A8738 /* MassTransitAppDelegate.m in Sources */,
				1E061B1618E0D2AD00A2F8B3 /* OCTATableViewController.m in Sources */,
				1EEAAF9318E0D3A2003D7C51 /* OCTA.m in Sources */,
				1EDA226318DBC7D2006A8738 /* main.m in Sources */,
				1E39F3AD18F3439700A3608A /* RouteDetailViewController.m in Sources */,
			);
			runOnlyForDeploymentPostprocessing = 0;
		};
		1EDA227618DBC7D2006A8738 /* Sources */ = {
			isa = PBXSourcesBuildPhase;
			buildActionMask = 2147483647;
			files = (
				1EDA228818DBC7D2006A8738 /* MassTransitTests.m in Sources */,
			);
			runOnlyForDeploymentPostprocessing = 0;
		};
/* End PBXSourcesBuildPhase section */

/* Begin PBXTargetDependency section */
		1EDA228018DBC7D2006A8738 /* PBXTargetDependency */ = {
			isa = PBXTargetDependency;
			target = 1EDA225218DBC7D2006A8738 /* MassTransit */;
			targetProxy = 1EDA227F18DBC7D2006A8738 /* PBXContainerItemProxy */;
		};
/* End PBXTargetDependency section */

/* Begin PBXVariantGroup section */
		1EDA225F18DBC7D2006A8738 /* InfoPlist.strings */ = {
			isa = PBXVariantGroup;
			children = (
				1EDA226018DBC7D2006A8738 /* en */,
			);
			name = InfoPlist.strings;
			sourceTree = "<group>";
		};
		1EDA226818DBC7D2006A8738 /* Main_iPhone.storyboard */ = {
			isa = PBXVariantGroup;
			children = (
				1EDA226918DBC7D2006A8738 /* Base */,
			);
			name = Main_iPhone.storyboard;
			sourceTree = "<group>";
		};
		1EDA226B18DBC7D2006A8738 /* Main_iPad.storyboard */ = {
			isa = PBXVariantGroup;
			children = (
				1EDA226C18DBC7D2006A8738 /* Base */,
			);
			name = Main_iPad.storyboard;
			sourceTree = "<group>";
		};
		1EDA228418DBC7D2006A8738 /* InfoPlist.strings */ = {
			isa = PBXVariantGroup;
			children = (
				1EDA228518DBC7D2006A8738 /* en */,
			);
			name = InfoPlist.strings;
			sourceTree = "<group>";
		};
/* End PBXVariantGroup section */

/* Begin XCBuildConfiguration section */
		1EDA228918DBC7D2006A8738 /* Debug */ = {
			isa = XCBuildConfiguration;
			buildSettings = {
				ALWAYS_SEARCH_USER_PATHS = NO;
				CLANG_CXX_LANGUAGE_STANDARD = "gnu++0x";
				CLANG_CXX_LIBRARY = "libc++";
				CLANG_ENABLE_MODULES = YES;
				CLANG_ENABLE_OBJC_ARC = YES;
				CLANG_WARN_BOOL_CONVERSION = YES;
				CLANG_WARN_CONSTANT_CONVERSION = YES;
				CLANG_WARN_DIRECT_OBJC_ISA_USAGE = YES_ERROR;
				CLANG_WARN_EMPTY_BODY = YES;
				CLANG_WARN_ENUM_CONVERSION = YES;
				CLANG_WARN_INT_CONVERSION = YES;
				CLANG_WARN_OBJC_ROOT_CLASS = YES_ERROR;
				CLANG_WARN__DUPLICATE_METHOD_MATCH = YES;
				"CODE_SIGN_IDENTITY[sdk=iphoneos*]" = "iPhone Developer";
				COPY_PHASE_STRIP = NO;
				GCC_C_LANGUAGE_STANDARD = gnu99;
				GCC_DYNAMIC_NO_PIC = NO;
				GCC_OPTIMIZATION_LEVEL = 0;
				GCC_PREPROCESSOR_DEFINITIONS = (
					"DEBUG=1",
					"$(inherited)",
				);
				GCC_SYMBOLS_PRIVATE_EXTERN = NO;
				GCC_WARN_64_TO_32_BIT_CONVERSION = YES;
				GCC_WARN_ABOUT_RETURN_TYPE = YES_ERROR;
				GCC_WARN_UNDECLARED_SELECTOR = YES;
				GCC_WARN_UNINITIALIZED_AUTOS = YES_AGGRESSIVE;
				GCC_WARN_UNUSED_FUNCTION = YES;
				GCC_WARN_UNUSED_VARIABLE = YES;
				IPHONEOS_DEPLOYMENT_TARGET = 7.1;
				ONLY_ACTIVE_ARCH = YES;
				SDKROOT = iphoneos;
				TARGETED_DEVICE_FAMILY = "1,2";
			};
			name = Debug;
		};
		1EDA228A18DBC7D2006A8738 /* Release */ = {
			isa = XCBuildConfiguration;
			buildSettings = {
				ALWAYS_SEARCH_USER_PATHS = NO;
				CLANG_CXX_LANGUAGE_STANDARD = "gnu++0x";
				CLANG_CXX_LIBRARY = "libc++";
				CLANG_ENABLE_MODULES = YES;
				CLANG_ENABLE_OBJC_ARC = YES;
				CLANG_WARN_BOOL_CONVERSION = YES;
				CLANG_WARN_CONSTANT_CONVERSION = YES;
				CLANG_WARN_DIRECT_OBJC_ISA_USAGE = YES_ERROR;
				CLANG_WARN_EMPTY_BODY = YES;
				CLANG_WARN_ENUM_CONVERSION = YES;
				CLANG_WARN_INT_CONVERSION = YES;
				CLANG_WARN_OBJC_ROOT_CLASS = YES_ERROR;
				CLANG_WARN__DUPLICATE_METHOD_MATCH = YES;
				"CODE_SIGN_IDENTITY[sdk=iphoneos*]" = "iPhone Developer";
				COPY_PHASE_STRIP = YES;
				ENABLE_NS_ASSERTIONS = NO;
				GCC_C_LANGUAGE_STANDARD = gnu99;
				GCC_WARN_64_TO_32_BIT_CONVERSION = YES;
				GCC_WARN_ABOUT_RETURN_TYPE = YES_ERROR;
				GCC_WARN_UNDECLARED_SELECTOR = YES;
				GCC_WARN_UNINITIALIZED_AUTOS = YES_AGGRESSIVE;
				GCC_WARN_UNUSED_FUNCTION = YES;
				GCC_WARN_UNUSED_VARIABLE = YES;
				IPHONEOS_DEPLOYMENT_TARGET = 7.1;
				SDKROOT = iphoneos;
				TARGETED_DEVICE_FAMILY = "1,2";
				VALIDATE_PRODUCT = YES;
			};
			name = Release;
		};
		1EDA228C18DBC7D2006A8738 /* Debug */ = {
			isa = XCBuildConfiguration;
			baseConfigurationReference = 3269B54374C7496986E7B8AD /* Pods.xcconfig */;
			buildSettings = {
				ASSETCATALOG_COMPILER_APPICON_NAME = AppIcon;
				ASSETCATALOG_COMPILER_LAUNCHIMAGE_NAME = LaunchImage;
				GCC_PRECOMPILE_PREFIX_HEADER = YES;
				GCC_PREFIX_HEADER = "MassTransit/MassTransit-Prefix.pch";
				INFOPLIST_FILE = "MassTransit/MassTransit-Info.plist";
				PRODUCT_NAME = "$(TARGET_NAME)";
				WRAPPER_EXTENSION = app;
			};
			name = Debug;
		};
		1EDA228D18DBC7D2006A8738 /* Release */ = {
			isa = XCBuildConfiguration;
			baseConfigurationReference = 3269B54374C7496986E7B8AD /* Pods.xcconfig */;
			buildSettings = {
				ASSETCATALOG_COMPILER_APPICON_NAME = AppIcon;
				ASSETCATALOG_COMPILER_LAUNCHIMAGE_NAME = LaunchImage;
				GCC_PRECOMPILE_PREFIX_HEADER = YES;
				GCC_PREFIX_HEADER = "MassTransit/MassTransit-Prefix.pch";
				INFOPLIST_FILE = "MassTransit/MassTransit-Info.plist";
				PRODUCT_NAME = "$(TARGET_NAME)";
				WRAPPER_EXTENSION = app;
			};
			name = Release;
		};
		1EDA228F18DBC7D2006A8738 /* Debug */ = {
			isa = XCBuildConfiguration;
			buildSettings = {
				BUNDLE_LOADER = "$(BUILT_PRODUCTS_DIR)/MassTransit.app/MassTransit";
				FRAMEWORK_SEARCH_PATHS = (
					"$(SDKROOT)/Developer/Library/Frameworks",
					"$(inherited)",
					"$(DEVELOPER_FRAMEWORKS_DIR)",
				);
				GCC_PRECOMPILE_PREFIX_HEADER = YES;
				GCC_PREFIX_HEADER = "MassTransit/MassTransit-Prefix.pch";
				GCC_PREPROCESSOR_DEFINITIONS = (
					"DEBUG=1",
					"$(inherited)",
				);
				INFOPLIST_FILE = "MassTransitTests/MassTransitTests-Info.plist";
				PRODUCT_NAME = "$(TARGET_NAME)";
				TEST_HOST = "$(BUNDLE_LOADER)";
				WRAPPER_EXTENSION = xctest;
			};
			name = Debug;
		};
		1EDA229018DBC7D2006A8738 /* Release */ = {
			isa = XCBuildConfiguration;
			buildSettings = {
				BUNDLE_LOADER = "$(BUILT_PRODUCTS_DIR)/MassTransit.app/MassTransit";
				FRAMEWORK_SEARCH_PATHS = (
					"$(SDKROOT)/Developer/Library/Frameworks",
					"$(inherited)",
					"$(DEVELOPER_FRAMEWORKS_DIR)",
				);
				GCC_PRECOMPILE_PREFIX_HEADER = YES;
				GCC_PREFIX_HEADER = "MassTransit/MassTransit-Prefix.pch";
				INFOPLIST_FILE = "MassTransitTests/MassTransitTests-Info.plist";
				PRODUCT_NAME = "$(TARGET_NAME)";
				TEST_HOST = "$(BUNDLE_LOADER)";
				WRAPPER_EXTENSION = xctest;
			};
			name = Release;
		};
/* End XCBuildConfiguration section */

/* Begin XCConfigurationList section */
		1EDA224E18DBC7D2006A8738 /* Build configuration list for PBXProject "MassTransit" */ = {
			isa = XCConfigurationList;
			buildConfigurations = (
				1EDA228918DBC7D2006A8738 /* Debug */,
				1EDA228A18DBC7D2006A8738 /* Release */,
			);
			defaultConfigurationIsVisible = 0;
			defaultConfigurationName = Release;
		};
		1EDA228B18DBC7D2006A8738 /* Build configuration list for PBXNativeTarget "MassTransit" */ = {
			isa = XCConfigurationList;
			buildConfigurations = (
				1EDA228C18DBC7D2006A8738 /* Debug */,
				1EDA228D18DBC7D2006A8738 /* Release */,
			);
			defaultConfigurationIsVisible = 0;
			defaultConfigurationName = Release;
		};
		1EDA228E18DBC7D2006A8738 /* Build configuration list for PBXNativeTarget "MassTransitTests" */ = {
			isa = XCConfigurationList;
			buildConfigurations = (
				1EDA228F18DBC7D2006A8738 /* Debug */,
				1EDA229018DBC7D2006A8738 /* Release */,
			);
			defaultConfigurationIsVisible = 0;
			defaultConfigurationName = Release;
		};
/* End XCConfigurationList section */
	};
	rootObject = 1EDA224B18DBC7D2006A8738 /* Project object */;
}
